
Microsoft Visual Studio Solution File, Format Version 12.00
# Visual Studio Version 17
VisualStudioVersion = 17.5.002.0
MinimumVisualStudioVersion = 10.0.40219.1
Project("{9A19103F-16F7-4668-BE54-9A1E7A4F7556}") = "OpenCart-Test-Automation-", "OpenCart-Test-Automation-.csproj", "{361AB1AA-99E8-4173-B08A-00A5B0C8462F}"
EndProject
Global
	GlobalSection(SolutionConfigurationPlatforms) = preSolution
		Debug|Any CPU = Debug|Any CPU
		Release|Any CPU = Release|Any CPU
	EndGlobalSection
	GlobalSection(ProjectConfigurationPlatforms) = postSolution
		{361AB1AA-99E8-4173-B08A-00A5B0C8462F}.Debug|Any CPU.ActiveCfg = Debug|Any CPU
		{361AB1AA-99E8-4173-B08A-00A5B0C8462F}.Debug|Any CPU.Build.0 = Debug|Any CPU
		{361AB1AA-99E8-4173-B08A-00A5B0C8462F}.Release|Any CPU.ActiveCfg = Release|Any CPU
		{361AB1AA-99E8-4173-B08A-00A5B0C8462F}.Release|Any CPU.Build.0 = Release|Any CPU
	EndGlobalSection
	GlobalSection(SolutionProperties) = preSolution
		HideSolutionNode = FALSE
	EndGlobalSection
	GlobalSection(ExtensibilityGlobals) = postSolution
		SolutionGuid = {3A417DD8-758F-41DB-8921-758E7AF38D0A}
	EndGlobalSection
EndGlobal
